// !$*UTF8*$!
{
	archiveVersion = 1;
	classes = {
	};
	objectVersion = 55;
	objects = {

/* Begin PBXBuildFile section */
		6ADBDD786ED7BD15086E629E /* Pods_test_Cafe.framework in Frameworks */ = {isa = PBXBuildFile; fileRef = 95A221C4F9D8CBC988F4C52F /* Pods_test_Cafe.framework */; };
		8101D36C28D8331300422A3F /* AppDelegate.swift in Sources */ = {isa = PBXBuildFile; fileRef = 8101D36B28D8331300422A3F /* AppDelegate.swift */; };
		8101D36E28D8331300422A3F /* SceneDelegate.swift in Sources */ = {isa = PBXBuildFile; fileRef = 8101D36D28D8331300422A3F /* SceneDelegate.swift */; };
		8101D37028D8331300422A3F /* ViewController.swift in Sources */ = {isa = PBXBuildFile; fileRef = 8101D36F28D8331300422A3F /* ViewController.swift */; };
		8101D37328D8331300422A3F /* Main.storyboard in Resources */ = {isa = PBXBuildFile; fileRef = 8101D37128D8331300422A3F /* Main.storyboard */; };
		8101D37528D8331400422A3F /* Assets.xcassets in Resources */ = {isa = PBXBuildFile; fileRef = 8101D37428D8331400422A3F /* Assets.xcassets */; };
		8129BAFD28D9A347002B6FAA /* MapViewController.swift in Sources */ = {isa = PBXBuildFile; fileRef = 8129BAFC28D9A347002B6FAA /* MapViewController.swift */; };
		8136909428D83B4D00BD05F1 /* LaunchScreen.storyboard in Resources */ = {isa = PBXBuildFile; fileRef = 8136909328D83B4D00BD05F1 /* LaunchScreen.storyboard */; };
		8136909628D83EA400BD05F1 /* extension_UI.swift in Sources */ = {isa = PBXBuildFile; fileRef = 8136909528D83EA400BD05F1 /* extension_UI.swift */; };
		8136909828D852FA00BD05F1 /* DrinkViewController.swift in Sources */ = {isa = PBXBuildFile; fileRef = 8136909728D852FA00BD05F1 /* DrinkViewController.swift */; };
		8136909A28D8532D00BD05F1 /* SnackViewController.swift in Sources */ = {isa = PBXBuildFile; fileRef = 8136909928D8532D00BD05F1 /* SnackViewController.swift */; };
		8136909C28D8533300BD05F1 /* BeanViewController.swift in Sources */ = {isa = PBXBuildFile; fileRef = 8136909B28D8533300BD05F1 /* BeanViewController.swift */; };
		814679EB28D8348C00973641 /* coffee-cup.png in Resources */ = {isa = PBXBuildFile; fileRef = 814679EA28D8348B00973641 /* coffee-cup.png */; };
		814679ED28D8352A00973641 /* Icon-1024.png in Resources */ = {isa = PBXBuildFile; fileRef = 814679EC28D8352A00973641 /* Icon-1024.png */; };
		819F761F28D9A7FF00C88EF2 /* MyTableViewCell.swift in Sources */ = {isa = PBXBuildFile; fileRef = 819F761E28D9A7FF00C88EF2 /* MyTableViewCell.swift */; };
/* End PBXBuildFile section */

/* Begin PBXFileReference section */
		8101D36828D8331300422A3F /* test_Cafe.app */ = {isa = PBXFileReference; explicitFileType = wrapper.application; includeInIndex = 0; path = test_Cafe.app; sourceTree = BUILT_PRODUCTS_DIR; };
		8101D36B28D8331300422A3F /* AppDelegate.swift */ = {isa = PBXFileReference; lastKnownFileType = sourcecode.swift; path = AppDelegate.swift; sourceTree = "<group>"; };
		8101D36D28D8331300422A3F /* SceneDelegate.swift */ = {isa = PBXFileReference; lastKnownFileType = sourcecode.swift; path = SceneDelegate.swift; sourceTree = "<group>"; };
		8101D36F28D8331300422A3F /* ViewController.swift */ = {isa = PBXFileReference; lastKnownFileType = sourcecode.swift; path = ViewController.swift; sourceTree = "<group>"; };
		8101D37228D8331300422A3F /* Base */ = {isa = PBXFileReference; lastKnownFileType = file.storyboard; name = Base; path = Base.lproj/Main.storyboard; sourceTree = "<group>"; };
		8101D37428D8331400422A3F /* Assets.xcassets */ = {isa = PBXFileReference; lastKnownFileType = folder.assetcatalog; path = Assets.xcassets; sourceTree = "<group>"; };
		8101D37928D8331400422A3F /* Info.plist */ = {isa = PBXFileReference; lastKnownFileType = text.plist.xml; path = Info.plist; sourceTree = "<group>"; };
		8129BAFC28D9A347002B6FAA /* MapViewController.swift */ = {isa = PBXFileReference; lastKnownFileType = sourcecode.swift; path = MapViewController.swift; sourceTree = "<group>"; };
		8136909328D83B4D00BD05F1 /* LaunchScreen.storyboard */ = {isa = PBXFileReference; lastKnownFileType = file.storyboard; path = LaunchScreen.storyboard; sourceTree = "<group>"; };
		8136909528D83EA400BD05F1 /* extension_UI.swift */ = {isa = PBXFileReference; lastKnownFileType = sourcecode.swift; path = extension_UI.swift; sourceTree = "<group>"; };
		8136909728D852FA00BD05F1 /* DrinkViewController.swift */ = {isa = PBXFileReference; lastKnownFileType = sourcecode.swift; path = DrinkViewController.swift; sourceTree = "<group>"; };
		8136909928D8532D00BD05F1 /* SnackViewController.swift */ = {isa = PBXFileReference; lastKnownFileType = sourcecode.swift; path = SnackViewController.swift; sourceTree = "<group>"; };
		8136909B28D8533300BD05F1 /* BeanViewController.swift */ = {isa = PBXFileReference; lastKnownFileType = sourcecode.swift; path = BeanViewController.swift; sourceTree = "<group>"; };
		814679EA28D8348B00973641 /* coffee-cup.png */ = {isa = PBXFileReference; lastKnownFileType = image.png; path = "coffee-cup.png"; sourceTree = "<group>"; };
		814679EC28D8352A00973641 /* Icon-1024.png */ = {isa = PBXFileReference; lastKnownFileType = image.png; path = "Icon-1024.png"; sourceTree = "<group>"; };
		819F761E28D9A7FF00C88EF2 /* MyTableViewCell.swift */ = {isa = PBXFileReference; fileEncoding = 4; lastKnownFileType = sourcecode.swift; path = MyTableViewCell.swift; sourceTree = "<group>"; };
		95A221C4F9D8CBC988F4C52F /* Pods_test_Cafe.framework */ = {isa = PBXFileReference; explicitFileType = wrapper.framework; includeInIndex = 0; path = Pods_test_Cafe.framework; sourceTree = BUILT_PRODUCTS_DIR; };
		BB2BAEA65060272B2D4905A7 /* Pods-test_Cafe.release.xcconfig */ = {isa = PBXFileReference; includeInIndex = 1; lastKnownFileType = text.xcconfig; name = "Pods-test_Cafe.release.xcconfig"; path = "Target Support Files/Pods-test_Cafe/Pods-test_Cafe.release.xcconfig"; sourceTree = "<group>"; };
		BB7C6FB92ACBD0DB5F63FD76 /* Pods-test_Cafe.debug.xcconfig */ = {isa = PBXFileReference; includeInIndex = 1; lastKnownFileType = text.xcconfig; name = "Pods-test_Cafe.debug.xcconfig"; path = "Target Support Files/Pods-test_Cafe/Pods-test_Cafe.debug.xcconfig"; sourceTree = "<group>"; };
/* End PBXFileReference section */

/* Begin PBXFrameworksBuildPhase section */
		8101D36528D8331300422A3F /* Frameworks */ = {
			isa = PBXFrameworksBuildPhase;
			buildActionMask = 2147483647;
			files = (
				6ADBDD786ED7BD15086E629E /* Pods_test_Cafe.framework in Frameworks */,
			);
			runOnlyForDeploymentPostprocessing = 0;
		};
/* End PBXFrameworksBuildPhase section */

/* Begin PBXGroup section */
		02D9E72D7BA5537137133517 /* Pods */ = {
			isa = PBXGroup;
			children = (
				BB7C6FB92ACBD0DB5F63FD76 /* Pods-test_Cafe.debug.xcconfig */,
				BB2BAEA65060272B2D4905A7 /* Pods-test_Cafe.release.xcconfig */,
			);
			path = Pods;
			sourceTree = "<group>";
		};
		8101D35F28D8331300422A3F = {
			isa = PBXGroup;
			children = (
				8101D36A28D8331300422A3F /* test_Cafe */,
				8101D36928D8331300422A3F /* Products */,
				02D9E72D7BA5537137133517 /* Pods */,
				D5AA1D65988AB7DEF43E72D9 /* Frameworks */,
			);
			sourceTree = "<group>";
		};
		8101D36928D8331300422A3F /* Products */ = {
			isa = PBXGroup;
			children = (
				8101D36828D8331300422A3F /* test_Cafe.app */,
			);
			name = Products;
			sourceTree = "<group>";
		};
		8101D36A28D8331300422A3F /* test_Cafe */ = {
			isa = PBXGroup;
			children = (
				8101D36B28D8331300422A3F /* AppDelegate.swift */,
				8101D36D28D8331300422A3F /* SceneDelegate.swift */,
				8101D36F28D8331300422A3F /* ViewController.swift */,
				8101D37128D8331300422A3F /* Main.storyboard */,
				8129BAFC28D9A347002B6FAA /* MapViewController.swift */,
				8136909B28D8533300BD05F1 /* BeanViewController.swift */,
				8136909928D8532D00BD05F1 /* SnackViewController.swift */,
				8136909728D852FA00BD05F1 /* DrinkViewController.swift */,
				819F761E28D9A7FF00C88EF2 /* MyTableViewCell.swift */,
				8101D37428D8331400422A3F /* Assets.xcassets */,
				8101D37928D8331400422A3F /* Info.plist */,
				814679EA28D8348B00973641 /* coffee-cup.png */,
				814679EC28D8352A00973641 /* Icon-1024.png */,
				8136909328D83B4D00BD05F1 /* LaunchScreen.storyboard */,
				8136909528D83EA400BD05F1 /* extension_UI.swift */,
			);
			path = test_Cafe;
			sourceTree = "<group>";
		};
		D5AA1D65988AB7DEF43E72D9 /* Frameworks */ = {
			isa = PBXGroup;
			children = (
				95A221C4F9D8CBC988F4C52F /* Pods_test_Cafe.framework */,
			);
			name = Frameworks;
			sourceTree = "<group>";
		};
/* End PBXGroup section */

/* Begin PBXNativeTarget section */
		8101D36728D8331300422A3F /* test_Cafe */ = {
			isa = PBXNativeTarget;
			buildConfigurationList = 8101D37C28D8331400422A3F /* Build configuration list for PBXNativeTarget "test_Cafe" */;
			buildPhases = (
				C327F5D8D423D209F936E6FE /* [CP] Check Pods Manifest.lock */,
				8101D36428D8331300422A3F /* Sources */,
				8101D36528D8331300422A3F /* Frameworks */,
				8101D36628D8331300422A3F /* Resources */,
				C17B48A96BD7EAFE3AADFE43 /* [CP] Embed Pods Frameworks */,
			);
			buildRules = (
			);
			dependencies = (
			);
			name = test_Cafe;
			productName = test_Cafe;
			productReference = 8101D36828D8331300422A3F /* test_Cafe.app */;
			productType = "com.apple.product-type.application";
		};
/* End PBXNativeTarget section */

/* Begin PBXProject section */
		8101D36028D8331300422A3F /* Project object */ = {
			isa = PBXProject;
			attributes = {
				BuildIndependentTargetsInParallel = 1;
				LastSwiftUpdateCheck = 1400;
				LastUpgradeCheck = 1400;
				TargetAttributes = {
					8101D36728D8331300422A3F = {
						CreatedOnToolsVersion = 14.0;
					};
				};
			};
			buildConfigurationList = 8101D36328D8331300422A3F /* Build configuration list for PBXProject "test_Cafe" */;
			compatibilityVersion = "Xcode 13.0";
			developmentRegion = en;
			hasScannedForEncodings = 0;
			knownRegions = (
				en,
				Base,
			);
			mainGroup = 8101D35F28D8331300422A3F;
			productRefGroup = 8101D36928D8331300422A3F /* Products */;
			projectDirPath = "";
			projectRoot = "";
			targets = (
				8101D36728D8331300422A3F /* test_Cafe */,
			);
		};
/* End PBXProject section */

/* Begin PBXResourcesBuildPhase section */
		8101D36628D8331300422A3F /* Resources */ = {
			isa = PBXResourcesBuildPhase;
			buildActionMask = 2147483647;
			files = (
				8136909428D83B4D00BD05F1 /* LaunchScreen.storyboard in Resources */,
				814679ED28D8352A00973641 /* Icon-1024.png in Resources */,
				8101D37528D8331400422A3F /* Assets.xcassets in Resources */,
				814679EB28D8348C00973641 /* coffee-cup.png in Resources */,
				8101D37328D8331300422A3F /* Main.storyboard in Resources */,
			);
			runOnlyForDeploymentPostprocessing = 0;
		};
/* End PBXResourcesBuildPhase section */

/* Begin PBXShellScriptBuildPhase section */
		C17B48A96BD7EAFE3AADFE43 /* [CP] Embed Pods Frameworks */ = {
			isa = PBXShellScriptBuildPhase;
			buildActionMask = 2147483647;
			files = (
			);
			inputFileListPaths = (
				"${PODS_ROOT}/Target Support Files/Pods-test_Cafe/Pods-test_Cafe-frameworks-${CONFIGURATION}-input-files.xcfilelist",
			);
			name = "[CP] Embed Pods Frameworks";
			outputFileListPaths = (
				"${PODS_ROOT}/Target Support Files/Pods-test_Cafe/Pods-test_Cafe-frameworks-${CONFIGURATION}-output-files.xcfilelist",
			);
			runOnlyForDeploymentPostprocessing = 0;
			shellPath = /bin/sh;
			shellScript = "\"${PODS_ROOT}/Target Support Files/Pods-test_Cafe/Pods-test_Cafe-frameworks.sh\"\n";
			showEnvVarsInLog = 0;
		};
		C327F5D8D423D209F936E6FE /* [CP] Check Pods Manifest.lock */ = {
			isa = PBXShellScriptBuildPhase;
			buildActionMask = 2147483647;
			files = (
			);
			inputFileListPaths = (
			);
			inputPaths = (
				"${PODS_PODFILE_DIR_PATH}/Podfile.lock",
				"${PODS_ROOT}/Manifest.lock",
			);
			name = "[CP] Check Pods Manifest.lock";
			outputFileListPaths = (
			);
			outputPaths = (
				"$(DERIVED_FILE_DIR)/Pods-test_Cafe-checkManifestLockResult.txt",
			);
			runOnlyForDeploymentPostprocessing = 0;
			shellPath = /bin/sh;
			shellScript = "diff \"${PODS_PODFILE_DIR_PATH}/Podfile.lock\" \"${PODS_ROOT}/Manifest.lock\" > /dev/null\nif [ $? != 0 ] ; then\n    # print error to STDERR\n    echo \"error: The sandbox is not in sync with the Podfile.lock. Run 'pod install' or update your CocoaPods installation.\" >&2\n    exit 1\nfi\n# This output is used by Xcode 'outputs' to avoid re-running this script phase.\necho \"SUCCESS\" > \"${SCRIPT_OUTPUT_FILE_0}\"\n";
			showEnvVarsInLog = 0;
		};
/* End PBXShellScriptBuildPhase section */

/* Begin PBXSourcesBuildPhase section */
		8101D36428D8331300422A3F /* Sources */ = {
			isa = PBXSourcesBuildPhase;
			buildActionMask = 2147483647;
			files = (
				8101D37028D8331300422A3F /* ViewController.swift in Sources */,
				8136909828D852FA00BD05F1 /* DrinkViewController.swift in Sources */,
				8101D36C28D8331300422A3F /* AppDelegate.swift in Sources */,
				8129BAFD28D9A347002B6FAA /* MapViewController.swift in Sources */,
				8101D36E28D8331300422A3F /* SceneDelegate.swift in Sources */,
				819F761F28D9A7FF00C88EF2 /* MyTableViewCell.swift in Sources */,
				8136909C28D8533300BD05F1 /* BeanViewController.swift in Sources */,
				8136909628D83EA400BD05F1 /* extension_UI.swift in Sources */,
				8136909A28D8532D00BD05F1 /* SnackViewController.swift in Sources */,
			);
			runOnlyForDeploymentPostprocessing = 0;
		};
/* End PBXSourcesBuildPhase section */

/* Begin PBXVariantGroup section */
		8101D37128D8331300422A3F /* Main.storyboard */ = {
			isa = PBXVariantGroup;
			children = (
				8101D37228D8331300422A3F /* Base */,
			);
			name = Main.storyboard;
			sourceTree = "<group>";
		};
/* End PBXVariantGroup section */

/* Begin XCBuildConfiguration section */
		8101D37A28D8331400422A3F /* Debug */ = {
			isa = XCBuildConfiguration;
			buildSettings = {
				ALWAYS_SEARCH_USER_PATHS = NO;
				CLANG_ANALYZER_NONNULL = YES;
				CLANG_ANALYZER_NUMBER_OBJECT_CONVERSION = YES_AGGRESSIVE;
				CLANG_CXX_LANGUAGE_STANDARD = "gnu++20";
				CLANG_ENABLE_MODULES = YES;
				CLANG_ENABLE_OBJC_ARC = YES;
				CLANG_ENABLE_OBJC_WEAK = YES;
				CLANG_WARN_BLOCK_CAPTURE_AUTORELEASING = YES;
				CLANG_WARN_BOOL_CONVERSION = YES;
				CLANG_WARN_COMMA = YES;
				CLANG_WARN_CONSTANT_CONVERSION = YES;
				CLANG_WARN_DEPRECATED_OBJC_IMPLEMENTATIONS = YES;
				CLANG_WARN_DIRECT_OBJC_ISA_USAGE = YES_ERROR;
				CLANG_WARN_DOCUMENTATION_COMMENTS = YES;
				CLANG_WARN_EMPTY_BODY = YES;
				CLANG_WARN_ENUM_CONVERSION = YES;
				CLANG_WARN_INFINITE_RECURSION = YES;
				CLANG_WARN_INT_CONVERSION = YES;
				CLANG_WARN_NON_LITERAL_NULL_CONVERSION = YES;
				CLANG_WARN_OBJC_IMPLICIT_RETAIN_SELF = YES;
				CLANG_WARN_OBJC_LITERAL_CONVERSION = YES;
				CLANG_WARN_OBJC_ROOT_CLASS = YES_ERROR;
				CLANG_WARN_QUOTED_INCLUDE_IN_FRAMEWORK_HEADER = YES;
				CLANG_WARN_RANGE_LOOP_ANALYSIS = YES;
				CLANG_WARN_STRICT_PROTOTYPES = YES;
				CLANG_WARN_SUSPICIOUS_MOVE = YES;
				CLANG_WARN_UNGUARDED_AVAILABILITY = YES_AGGRESSIVE;
				CLANG_WARN_UNREACHABLE_CODE = YES;
				CLANG_WARN__DUPLICATE_METHOD_MATCH = YES;
				COPY_PHASE_STRIP = NO;
				DEBUG_INFORMATION_FORMAT = dwarf;
				ENABLE_STRICT_OBJC_MSGSEND = YES;
				ENABLE_TESTABILITY = YES;
				GCC_C_LANGUAGE_STANDARD = gnu11;
				GCC_DYNAMIC_NO_PIC = NO;
				GCC_NO_COMMON_BLOCKS = YES;
				GCC_OPTIMIZATION_LEVEL = 0;
				GCC_PREPROCESSOR_DEFINITIONS = (
					"DEBUG=1",
					"$(inherited)",
				);
				GCC_WARN_64_TO_32_BIT_CONVERSION = YES;
				GCC_WARN_ABOUT_RETURN_TYPE = YES_ERROR;
				GCC_WARN_UNDECLARED_SELECTOR = YES;
				GCC_WARN_UNINITIALIZED_AUTOS = YES_AGGRESSIVE;
				GCC_WARN_UNUSED_FUNCTION = YES;
				GCC_WARN_UNUSED_VARIABLE = YES;
				IPHONEOS_DEPLOYMENT_TARGET = 15.0;
				MTL_ENABLE_DEBUG_INFO = INCLUDE_SOURCE;
				MTL_FAST_MATH = YES;
				ONLY_ACTIVE_ARCH = YES;
				SDKROOT = iphoneos;
				SWIFT_ACTIVE_COMPILATION_CONDITIONS = DEBUG;
				SWIFT_OPTIMIZATION_LEVEL = "-Onone";
			};
			name = Debug;
		};
		8101D37B28D8331400422A3F /* Release */ = {
			isa = XCBuildConfiguration;
			buildSettings = {
				ALWAYS_SEARCH_USER_PATHS = NO;
				CLANG_ANALYZER_NONNULL = YES;
				CLANG_ANALYZER_NUMBER_OBJECT_CONVERSION = YES_AGGRESSIVE;
				CLANG_CXX_LANGUAGE_STANDARD = "gnu++20";
				CLANG_ENABLE_MODULES = YES;
				CLANG_ENABLE_OBJC_ARC = YES;
				CLANG_ENABLE_OBJC_WEAK = YES;
				CLANG_WARN_BLOCK_CAPTURE_AUTORELEASING = YES;
				CLANG_WARN_BOOL_CONVERSION = YES;
				CLANG_WARN_COMMA = YES;
				CLANG_WARN_CONSTANT_CONVERSION = YES;
				CLANG_WARN_DEPRECATED_OBJC_IMPLEMENTATIONS = YES;
				CLANG_WARN_DIRECT_OBJC_ISA_USAGE = YES_ERROR;
				CLANG_WARN_DOCUMENTATION_COMMENTS = YES;
				CLANG_WARN_EMPTY_BODY = YES;
				CLANG_WARN_ENUM_CONVERSION = YES;
				CLANG_WARN_INFINITE_RECURSION = YES;
				CLANG_WARN_INT_CONVERSION = YES;
				CLANG_WARN_NON_LITERAL_NULL_CONVERSION = YES;
				CLANG_WARN_OBJC_IMPLICIT_RETAIN_SELF = YES;
				CLANG_WARN_OBJC_LITERAL_CONVERSION = YES;
				CLANG_WARN_OBJC_ROOT_CLASS = YES_ERROR;
				CLANG_WARN_QUOTED_INCLUDE_IN_FRAMEWORK_HEADER = YES;
				CLANG_WARN_RANGE_LOOP_ANALYSIS = YES;
				CLANG_WARN_STRICT_PROTOTYPES = YES;
				CLANG_WARN_SUSPICIOUS_MOVE = YES;
				CLANG_WARN_UNGUARDED_AVAILABILITY = YES_AGGRESSIVE;
				CLANG_WARN_UNREACHABLE_CODE = YES;
				CLANG_WARN__DUPLICATE_METHOD_MATCH = YES;
				COPY_PHASE_STRIP = NO;
				DEBUG_INFORMATION_FORMAT = "dwarf-with-dsym";
				ENABLE_NS_ASSERTIONS = NO;
				ENABLE_STRICT_OBJC_MSGSEND = YES;
				GCC_C_LANGUAGE_STANDARD = gnu11;
				GCC_NO_COMMON_BLOCKS = YES;
				GCC_WARN_64_TO_32_BIT_CONVERSION = YES;
				GCC_WARN_ABOUT_RETURN_TYPE = YES_ERROR;
				GCC_WARN_UNDECLARED_SELECTOR = YES;
				GCC_WARN_UNINITIALIZED_AUTOS = YES_AGGRESSIVE;
				GCC_WARN_UNUSED_FUNCTION = YES;
				GCC_WARN_UNUSED_VARIABLE = YES;
				IPHONEOS_DEPLOYMENT_TARGET = 15.0;
				MTL_ENABLE_DEBUG_INFO = NO;
				MTL_FAST_MATH = YES;
				SDKROOT = iphoneos;
				SWIFT_COMPILATION_MODE = wholemodule;
				SWIFT_OPTIMIZATION_LEVEL = "-O";
				VALIDATE_PRODUCT = YES;
			};
			name = Release;
		};
		8101D37D28D8331400422A3F /* Debug */ = {
			isa = XCBuildConfiguration;
			baseConfigurationReference = BB7C6FB92ACBD0DB5F63FD76 /* Pods-test_Cafe.debug.xcconfig */;
			buildSettings = {
				ASSETCATALOG_COMPILER_APPICON_NAME = AppIcon;
				ASSETCATALOG_COMPILER_GLOBAL_ACCENT_COLOR_NAME = AccentColor;
				CODE_SIGN_STYLE = Automatic;
				CURRENT_PROJECT_VERSION = 1;
				DEVELOPMENT_TEAM = G7PQ6PJBM7;
				GENERATE_INFOPLIST_FILE = YES;
				INFOPLIST_FILE = test_Cafe/Info.plist;
				INFOPLIST_KEY_UIApplicationSupportsIndirectInputEvents = YES;
				INFOPLIST_KEY_UILaunchStoryboardName = LaunchScreen;
				INFOPLIST_KEY_UIMainStoryboardFile = Main;
				INFOPLIST_KEY_UISupportedInterfaceOrientations_iPad = "UIInterfaceOrientationPortrait UIInterfaceOrientationPortraitUpsideDown UIInterfaceOrientationLandscapeLeft UIInterfaceOrientationLandscapeRight";
				INFOPLIST_KEY_UISupportedInterfaceOrientations_iPhone = "UIInterfaceOrientationPortrait UIInterfaceOrientationLandscapeLeft UIInterfaceOrientationLandscapeRight";
				LD_RUNPATH_SEARCH_PATHS = (
					"$(inherited)",
					"@executable_path/Frameworks",
				);
				MARKETING_VERSION = 1.0;
				PRODUCT_BUNDLE_IDENTIFIER = "com.personal.test-Cafe";
				PRODUCT_NAME = "$(TARGET_NAME)";
				SWIFT_EMIT_LOC_STRINGS = YES;
				SWIFT_VERSION = 5.0;
				TARGETED_DEVICE_FAMILY = "1,2";
			};
			name = Debug;
		};
		8101D37E28D8331400422A3F /* Release */ = {
			isa = XCBuildConfiguration;
			baseConfigurationReference = BB2BAEA65060272B2D4905A7 /* Pods-test_Cafe.release.xcconfig */;
			buildSettings = {
				ASSETCATALOG_COMPILER_APPICON_NAME = AppIcon;
				ASSETCATALOG_COMPILER_GLOBAL_ACCENT_COLOR_NAME = AccentColor;
				CODE_SIGN_STYLE = Automatic;
				CURRENT_PROJECT_VERSION = 1;
				DEVELOPMENT_TEAM = G7PQ6PJBM7;
				GENERATE_INFOPLIST_FILE = YES;
				INFOPLIST_FILE = test_Cafe/Info.plist;
				INFOPLIST_KEY_UIApplicationSupportsIndirectInputEvents = YES;
				INFOPLIST_KEY_UILaunchStoryboardName = LaunchScreen;
				INFOPLIST_KEY_UIMainStoryboardFile = Main;
				INFOPLIST_KEY_UISupportedInterfaceOrientations_iPad = "UIInterfaceOrientationPortrait UIInterfaceOrientationPortraitUpsideDown UIInterfaceOrientationLandscapeLeft UIInterfaceOrientationLandscapeRight";
				INFOPLIST_KEY_UISupportedInterfaceOrientations_iPhone = "UIInterfaceOrientationPortrait UIInterfaceOrientationLandscapeLeft UIInterfaceOrientationLandscapeRight";
				LD_RUNPATH_SEARCH_PATHS = (
					"$(inherited)",
					"@executable_path/Frameworks",
				);
				MARKETING_VERSION = 1.0;
				PRODUCT_BUNDLE_IDENTIFIER = "com.personal.test-Cafe";
				PRODUCT_NAME = "$(TARGET_NAME)";
				SWIFT_EMIT_LOC_STRINGS = YES;
				SWIFT_VERSION = 5.0;
				TARGETED_DEVICE_FAMILY = "1,2";
			};
			name = Release;
		};
/* End XCBuildConfiguration section */

/* Begin XCConfigurationList section */
		8101D36328D8331300422A3F /* Build configuration list for PBXProject "test_Cafe" */ = {
			isa = XCConfigurationList;
			buildConfigurations = (
				8101D37A28D8331400422A3F /* Debug */,
				8101D37B28D8331400422A3F /* Release */,
			);
			defaultConfigurationIsVisible = 0;
			defaultConfigurationName = Release;
		};
		8101D37C28D8331400422A3F /* Build configuration list for PBXNativeTarget "test_Cafe" */ = {
			isa = XCConfigurationList;
			buildConfigurations = (
				8101D37D28D8331400422A3F /* Debug */,
				8101D37E28D8331400422A3F /* Release */,
			);
			defaultConfigurationIsVisible = 0;
			defaultConfigurationName = Release;
		};
/* End XCConfigurationList section */
	};
	rootObject = 8101D36028D8331300422A3F /* Project object */;
}
